%{
  "bunt": {:git, "https://github.com/rrrene/bunt.git", "853fafd4e3362df997c2179159a538db35d886e9", [tag: "v1.0.0"]},
  "certifi": {:git, "https://github.com/certifi/erlang-certifi.git", "1a6d8287db8281d3cb2890358f0b4a7a02e71be8", [tag: "2.15.0"]},
  "credo": {:git, "https://github.com/rrrene/credo.git", "f731459d4fb5c3359303e99fde9fa1e51d6fbea9", [tag: "v1.7.12"]},
  "excoveralls": {:git, "https://github.com/parroty/excoveralls.git", "e9776c9a59c3067774f9af5e116ef76dbf8af6ab", [tag: "v0.18.5"]},
  "file_system": {:git, "https://github.com/falood/file_system.git", "4f2ce2dd6ac52333a5d6171173164957b0d09e65", [tag: "v1.1.1"]},
  "hackney": {:git, "https://github.com/benoitc/hackney.git", "8c00789e411d7c09a9808d720232098da1f19d69", [tag: "1.25.0"]},
  "idna": {:git, "https://github.com/benoitc/erlang-idna.git", "792832450c7017c3b91f3f2ddd267533492146eb", [tag: "6.1.1"]},
  "jason": {:git, "https://github.com/michalmuskala/jason.git", "926d2ac6cc0271b9a7079b2ec16ae0cf802f7963", [tag: "v1.4.4"]},
  "metrics": {:git, "https://github.com/benoitc/erlang-metrics.git", "43e49b9ca9d1d7d1200b5c0e7ba301e9f5ccda9f", [tag: "1.2.0"]},
  "mimerl": {:git, "https://github.com/benoitc/mimerl.git", "88b8b1a893dd5c13501eeaae8a1cd553cd502130", [tag: "1.4.0"]},
  "parse_trans": {:git, "https://github.com/uwiger/parse_trans.git", "64b9b77ac57710c2da77a7b3b17664b11474e429", [tag: "3.4.1"]},
  "ssl_verify_fun": {:git, "https://github.com/deadtrickster/ssl_verify_fun.erl.git", "e112250962ec9e7d2548273124d198ce00b8b96b", [tag: "1.1.7"]},
  "unicode_util_compat": {:git, "https://github.com/benoitc/unicode_util_compat.git", "c31ae582e1496d2f65586a007b132dbcd6778479", [ref: "c31ae582e1496d2f65586a007b132dbcd6778479"]},
}
