%{
  "bunt": {:git, "https://github.com/rrrene/bunt.git", "853fafd4e3362df997c2179159a538db35d886e9", [tag: "v1.0.0"]},
  "credo": {:git, "https://github.com/rrrene/credo.git", "f731459d4fb5c3359303e99fde9fa1e51d6fbea9", [tag: "v1.7.12"]},
  "excoveralls": {:git, "https://github.com/parroty/excoveralls.git", "e9776c9a59c3067774f9af5e116ef76dbf8af6ab", [tag: "v0.18.5"]},
  "file_system": {:git, "https://github.com/falood/file_system.git", "4f2ce2dd6ac52333a5d6171173164957b0d09e65", [tag: "v1.1.1"]},
  "jason": {:git, "https://github.com/michalmuskala/jason.git", "926d2ac6cc0271b9a7079b2ec16ae0cf802f7963", [tag: "v1.4.4"]},
}
